
Microsoft Visual Studio Solution File, Format Version 12.00
# Visual Studio Version 16
VisualStudioVersion = 16.0.31321.278
MinimumVisualStudioVersion = 10.0.40219.1
Project("{FAE04EC0-301F-11D3-BF4B-00C04F79EFBC}") = "TourmalineCore.Serilog.Formatting.Tiny", "TourmalineCore.Serilog.Formatting.Tiny\TourmalineCore.Serilog.Formatting.Tiny.csproj", "{072F50EC-4CFE-430F-AA26-9A6492568839}"
EndProject
Global
	GlobalSection(SolutionConfigurationPlatforms) = preSolution
		Debug|Any CPU = Debug|Any CPU
		Release|Any CPU = Release|Any CPU
	EndGlobalSection
	GlobalSection(ProjectConfigurationPlatforms) = postSolution
		{072F50EC-4CFE-430F-AA26-9A6492568839}.Debug|Any CPU.ActiveCfg = Debug|Any CPU
		{072F50EC-4CFE-430F-AA26-9A6492568839}.Debug|Any CPU.Build.0 = Debug|Any CPU
		{072F50EC-4CFE-430F-AA26-9A6492568839}.Release|Any CPU.ActiveCfg = Release|Any CPU
		{072F50EC-4CFE-430F-AA26-9A6492568839}.Release|Any CPU.Build.0 = Release|Any CPU
	EndGlobalSection
	GlobalSection(SolutionProperties) = preSolution
		HideSolutionNode = FALSE
	EndGlobalSection
	GlobalSection(ExtensibilityGlobals) = postSolution
		SolutionGuid = {25A9D9E9-058B-4A80-AD81-518D68FF2A52}
	EndGlobalSection
EndGlobal
